{
  "name": "cex-perp-marged",
  "lockfileVersion": 3,
  "requires": true,
  "packages": {
    "": {
      "dependencies": {
        "avl": "^2.0.0"
      }
    },
    "node_modules/avl": {
      "version": "2.0.0",
      "resolved": "https://registry.npmjs.org/avl/-/avl-2.0.0.tgz",
      "integrity": "sha512-imPAgmVrjf2kRru+U9brsmAfVYVbIGPTqGFSouYfPEJZSv2FvitwGb1HjqANuAPtnabWoteHv4xEWkKIPB10mA==",
      "license": "MIT"
    }
  }
}
